DEPENDENCIES
  jrb_workstation
    path: cookbooks/jrb_workstation

GRAPH
  chef-sugar (5.0.4)
  dmg (4.1.1)
  homebrew (5.0.8)
  jrb_workstation (2.42.0)
    homebrew (>= 0.0.0)
    macos (>= 0.0.0)
    vagrant (>= 0.0.0)
  macos (3.0.8)
    chef-sugar (~> 5.0)
  vagrant (0.9.1)
    dmg (>= 2.2.2)
